
Microsoft Visual Studio Solution File, Format Version 12.00
# Visual Studio 15
Project("{FAE04EC0-301F-11D3-BF4B-00C04F79EFBC}") = "Capstone_ShoppingList", "Capstone_ShoppingList\Capstone_ShoppingList.csproj", "{96942D66-DCF5-4902-AA8C-682CB1296FAF}"
EndProject
Global
	GlobalSection(SolutionConfigurationPlatforms) = preSolution
		Debug|Any CPU = Debug|Any CPU
		Release|Any CPU = Release|Any CPU
	EndGlobalSection
	GlobalSection(ProjectConfigurationPlatforms) = postSolution
		{96942D66-DCF5-4902-AA8C-682CB1296FAF}.Debug|Any CPU.ActiveCfg = Debug|Any CPU
		{96942D66-DCF5-4902-AA8C-682CB1296FAF}.Debug|Any CPU.Build.0 = Debug|Any CPU
		{96942D66-DCF5-4902-AA8C-682CB1296FAF}.Release|Any CPU.ActiveCfg = Release|Any CPU
		{96942D66-DCF5-4902-AA8C-682CB1296FAF}.Release|Any CPU.Build.0 = Release|Any CPU
	EndGlobalSection
EndGlobal
